// !$*UTF8*$!
{
	archiveVersion = 1;
	classes = {
	};
	objectVersion = 56;
	objects = {

/* Begin PBXBuildFile section */
		6738AA262ACC506800CB96AC /* MotifApp.swift in Sources */ = {isa = PBXBuildFile; fileRef = 6738AA252ACC506800CB96AC /* MotifApp.swift */; };
		6738AA282ACC506800CB96AC /* ContentView.swift in Sources */ = {isa = PBXBuildFile; fileRef = 6738AA272ACC506800CB96AC /* ContentView.swift */; };
		6738AA2A2ACC506A00CB96AC /* Assets.xcassets in Resources */ = {isa = PBXBuildFile; fileRef = 6738AA292ACC506A00CB96AC /* Assets.xcassets */; };
		6738AA2D2ACC506A00CB96AC /* Preview Assets.xcassets in Resources */ = {isa = PBXBuildFile; fileRef = 6738AA2C2ACC506A00CB96AC /* Preview Assets.xcassets */; };
		6738AA702AD033D900CB96AC /* MotivoView.swift in Sources */ = {isa = PBXBuildFile; fileRef = 6738AA6F2AD033D900CB96AC /* MotivoView.swift */; };
		6738AA722AD0346A00CB96AC /* EducativaView.swift in Sources */ = {isa = PBXBuildFile; fileRef = 6738AA712AD0346A00CB96AC /* EducativaView.swift */; };
		6738AA742AD0352600CB96AC /* AcervoView.swift in Sources */ = {isa = PBXBuildFile; fileRef = 6738AA732AD0352600CB96AC /* AcervoView.swift */; };
		6738AA762AD0457100CB96AC /* Motivo.swift in Sources */ = {isa = PBXBuildFile; fileRef = 6738AA752AD0457100CB96AC /* Motivo.swift */; };
		6738AA782AD422DD00CB96AC /* MotivoRepository.swift in Sources */ = {isa = PBXBuildFile; fileRef = 6738AA772AD422DD00CB96AC /* MotivoRepository.swift */; };
		673FB4BE2AD4A86D000C42CE /* DetailView.swift in Sources */ = {isa = PBXBuildFile; fileRef = 673FB4BD2AD4A86D000C42CE /* DetailView.swift */; };
/* End PBXBuildFile section */

/* Begin PBXFileReference section */
		6738AA222ACC506800CB96AC /* Motif.app */ = {isa = PBXFileReference; explicitFileType = wrapper.application; includeInIndex = 0; path = Motif.app; sourceTree = BUILT_PRODUCTS_DIR; };
		6738AA252ACC506800CB96AC /* MotifApp.swift */ = {isa = PBXFileReference; lastKnownFileType = sourcecode.swift; path = MotifApp.swift; sourceTree = "<group>"; };
		6738AA272ACC506800CB96AC /* ContentView.swift */ = {isa = PBXFileReference; lastKnownFileType = sourcecode.swift; path = ContentView.swift; sourceTree = "<group>"; };
		6738AA292ACC506A00CB96AC /* Assets.xcassets */ = {isa = PBXFileReference; lastKnownFileType = folder.assetcatalog; path = Assets.xcassets; sourceTree = "<group>"; };
		6738AA2C2ACC506A00CB96AC /* Preview Assets.xcassets */ = {isa = PBXFileReference; lastKnownFileType = folder.assetcatalog; path = "Preview Assets.xcassets"; sourceTree = "<group>"; };
		6738AA6F2AD033D900CB96AC /* MotivoView.swift */ = {isa = PBXFileReference; lastKnownFileType = sourcecode.swift; path = MotivoView.swift; sourceTree = "<group>"; };
		6738AA712AD0346A00CB96AC /* EducativaView.swift */ = {isa = PBXFileReference; lastKnownFileType = sourcecode.swift; path = EducativaView.swift; sourceTree = "<group>"; };
		6738AA732AD0352600CB96AC /* AcervoView.swift */ = {isa = PBXFileReference; lastKnownFileType = sourcecode.swift; path = AcervoView.swift; sourceTree = "<group>"; };
		6738AA752AD0457100CB96AC /* Motivo.swift */ = {isa = PBXFileReference; lastKnownFileType = sourcecode.swift; path = Motivo.swift; sourceTree = "<group>"; };
		6738AA772AD422DD00CB96AC /* MotivoRepository.swift */ = {isa = PBXFileReference; lastKnownFileType = sourcecode.swift; path = MotivoRepository.swift; sourceTree = "<group>"; };
		673FB4BD2AD4A86D000C42CE /* DetailView.swift */ = {isa = PBXFileReference; lastKnownFileType = sourcecode.swift; path = DetailView.swift; sourceTree = "<group>"; };
/* End PBXFileReference section */

/* Begin PBXFrameworksBuildPhase section */
		6738AA1F2ACC506800CB96AC /* Frameworks */ = {
			isa = PBXFrameworksBuildPhase;
			buildActionMask = 2147483647;
			files = (
			);
			runOnlyForDeploymentPostprocessing = 0;
		};
/* End PBXFrameworksBuildPhase section */

/* Begin PBXGroup section */
		6738AA192ACC506800CB96AC = {
			isa = PBXGroup;
			children = (
				6738AA242ACC506800CB96AC /* Motif */,
				6738AA232ACC506800CB96AC /* Products */,
			);
			sourceTree = "<group>";
		};
		6738AA232ACC506800CB96AC /* Products */ = {
			isa = PBXGroup;
			children = (
				6738AA222ACC506800CB96AC /* Motif.app */,
			);
			name = Products;
			sourceTree = "<group>";
		};
		6738AA242ACC506800CB96AC /* Motif */ = {
			isa = PBXGroup;
			children = (
				6738AA772AD422DD00CB96AC /* MotivoRepository.swift */,
				6738AA752AD0457100CB96AC /* Motivo.swift */,
				6738AA252ACC506800CB96AC /* MotifApp.swift */,
				6738AA6F2AD033D900CB96AC /* MotivoView.swift */,
				6738AA272ACC506800CB96AC /* ContentView.swift */,
				6738AA292ACC506A00CB96AC /* Assets.xcassets */,
				6738AA2B2ACC506A00CB96AC /* Preview Content */,
				6738AA712AD0346A00CB96AC /* EducativaView.swift */,
				6738AA732AD0352600CB96AC /* AcervoView.swift */,
				673FB4BD2AD4A86D000C42CE /* DetailView.swift */,
			);
			path = Motif;
			sourceTree = "<group>";
		};
		6738AA2B2ACC506A00CB96AC /* Preview Content */ = {
			isa = PBXGroup;
			children = (
				6738AA2C2ACC506A00CB96AC /* Preview Assets.xcassets */,
			);
			path = "Preview Content";
			sourceTree = "<group>";
		};
/* End PBXGroup section */

/* Begin PBXNativeTarget section */
		6738AA212ACC506800CB96AC /* Motif */ = {
			isa = PBXNativeTarget;
			buildConfigurationList = 6738AA302ACC506A00CB96AC /* Build configuration list for PBXNativeTarget "Motif" */;
			buildPhases = (
				6738AA1E2ACC506800CB96AC /* Sources */,
				6738AA1F2ACC506800CB96AC /* Frameworks */,
				6738AA202ACC506800CB96AC /* Resources */,
			);
			buildRules = (
			);
			dependencies = (
			);
			name = Motif;
			productName = Motif;
			productReference = 6738AA222ACC506800CB96AC /* Motif.app */;
			productType = "com.apple.product-type.application";
		};
/* End PBXNativeTarget section */

/* Begin PBXProject section */
		6738AA1A2ACC506800CB96AC /* Project object */ = {
			isa = PBXProject;
			attributes = {
				BuildIndependentTargetsInParallel = 1;
				LastSwiftUpdateCheck = 1430;
				LastUpgradeCheck = 1430;
				TargetAttributes = {
					6738AA212ACC506800CB96AC = {
						CreatedOnToolsVersion = 14.3.1;
					};
				};
			};
			buildConfigurationList = 6738AA1D2ACC506800CB96AC /* Build configuration list for PBXProject "Motif" */;
			compatibilityVersion = "Xcode 14.0";
			developmentRegion = en;
			hasScannedForEncodings = 0;
			knownRegions = (
				en,
				Base,
			);
			mainGroup = 6738AA192ACC506800CB96AC;
			productRefGroup = 6738AA232ACC506800CB96AC /* Products */;
			projectDirPath = "";
			projectRoot = "";
			targets = (
				6738AA212ACC506800CB96AC /* Motif */,
			);
		};
/* End PBXProject section */

/* Begin PBXResourcesBuildPhase section */
		6738AA202ACC506800CB96AC /* Resources */ = {
			isa = PBXResourcesBuildPhase;
			buildActionMask = 2147483647;
			files = (
				6738AA2D2ACC506A00CB96AC /* Preview Assets.xcassets in Resources */,
				6738AA2A2ACC506A00CB96AC /* Assets.xcassets in Resources */,
			);
			runOnlyForDeploymentPostprocessing = 0;
		};
/* End PBXResourcesBuildPhase section */

/* Begin PBXSourcesBuildPhase section */
		6738AA1E2ACC506800CB96AC /* Sources */ = {
			isa = PBXSourcesBuildPhase;
			buildActionMask = 2147483647;
			files = (
				6738AA282ACC506800CB96AC /* ContentView.swift in Sources */,
				673FB4BE2AD4A86D000C42CE /* DetailView.swift in Sources */,
				6738AA262ACC506800CB96AC /* MotifApp.swift in Sources */,
				6738AA702AD033D900CB96AC /* MotivoView.swift in Sources */,
				6738AA742AD0352600CB96AC /* AcervoView.swift in Sources */,
				6738AA722AD0346A00CB96AC /* EducativaView.swift in Sources */,
				6738AA762AD0457100CB96AC /* Motivo.swift in Sources */,
				6738AA782AD422DD00CB96AC /* MotivoRepository.swift in Sources */,
			);
			runOnlyForDeploymentPostprocessing = 0;
		};
/* End PBXSourcesBuildPhase section */

/* Begin XCBuildConfiguration section */
		6738AA2E2ACC506A00CB96AC /* Debug */ = {
			isa = XCBuildConfiguration;
			buildSettings = {
				ALWAYS_SEARCH_USER_PATHS = NO;
				CLANG_ANALYZER_NONNULL = YES;
				CLANG_ANALYZER_NUMBER_OBJECT_CONVERSION = YES_AGGRESSIVE;
				CLANG_CXX_LANGUAGE_STANDARD = "gnu++20";
				CLANG_ENABLE_MODULES = YES;
				CLANG_ENABLE_OBJC_ARC = YES;
				CLANG_ENABLE_OBJC_WEAK = YES;
				CLANG_WARN_BLOCK_CAPTURE_AUTORELEASING = YES;
				CLANG_WARN_BOOL_CONVERSION = YES;
				CLANG_WARN_COMMA = YES;
				CLANG_WARN_CONSTANT_CONVERSION = YES;
				CLANG_WARN_DEPRECATED_OBJC_IMPLEMENTATIONS = YES;
				CLANG_WARN_DIRECT_OBJC_ISA_USAGE = YES_ERROR;
				CLANG_WARN_DOCUMENTATION_COMMENTS = YES;
				CLANG_WARN_EMPTY_BODY = YES;
				CLANG_WARN_ENUM_CONVERSION = YES;
				CLANG_WARN_INFINITE_RECURSION = YES;
				CLANG_WARN_INT_CONVERSION = YES;
				CLANG_WARN_NON_LITERAL_NULL_CONVERSION = YES;
				CLANG_WARN_OBJC_IMPLICIT_RETAIN_SELF = YES;
				CLANG_WARN_OBJC_LITERAL_CONVERSION = YES;
				CLANG_WARN_OBJC_ROOT_CLASS = YES_ERROR;
				CLANG_WARN_QUOTED_INCLUDE_IN_FRAMEWORK_HEADER = YES;
				CLANG_WARN_RANGE_LOOP_ANALYSIS = YES;
				CLANG_WARN_STRICT_PROTOTYPES = YES;
				CLANG_WARN_SUSPICIOUS_MOVE = YES;
				CLANG_WARN_UNGUARDED_AVAILABILITY = YES_AGGRESSIVE;
				CLANG_WARN_UNREACHABLE_CODE = YES;
				CLANG_WARN__DUPLICATE_METHOD_MATCH = YES;
				COPY_PHASE_STRIP = NO;
				DEBUG_INFORMATION_FORMAT = dwarf;
				ENABLE_STRICT_OBJC_MSGSEND = YES;
				ENABLE_TESTABILITY = YES;
				GCC_C_LANGUAGE_STANDARD = gnu11;
				GCC_DYNAMIC_NO_PIC = NO;
				GCC_NO_COMMON_BLOCKS = YES;
				GCC_OPTIMIZATION_LEVEL = 0;
				GCC_PREPROCESSOR_DEFINITIONS = (
					"DEBUG=1",
					"$(inherited)",
				);
				GCC_WARN_64_TO_32_BIT_CONVERSION = YES;
				GCC_WARN_ABOUT_RETURN_TYPE = YES_ERROR;
				GCC_WARN_UNDECLARED_SELECTOR = YES;
				GCC_WARN_UNINITIALIZED_AUTOS = YES_AGGRESSIVE;
				GCC_WARN_UNUSED_FUNCTION = YES;
				GCC_WARN_UNUSED_VARIABLE = YES;
				IPHONEOS_DEPLOYMENT_TARGET = 16.4;
				MTL_ENABLE_DEBUG_INFO = INCLUDE_SOURCE;
				MTL_FAST_MATH = YES;
				ONLY_ACTIVE_ARCH = YES;
				SDKROOT = iphoneos;
				SWIFT_ACTIVE_COMPILATION_CONDITIONS = DEBUG;
				SWIFT_OPTIMIZATION_LEVEL = "-Onone";
			};
			name = Debug;
		};
		6738AA2F2ACC506A00CB96AC /* Release */ = {
			isa = XCBuildConfiguration;
			buildSettings = {
				ALWAYS_SEARCH_USER_PATHS = NO;
				CLANG_ANALYZER_NONNULL = YES;
				CLANG_ANALYZER_NUMBER_OBJECT_CONVERSION = YES_AGGRESSIVE;
				CLANG_CXX_LANGUAGE_STANDARD = "gnu++20";
				CLANG_ENABLE_MODULES = YES;
				CLANG_ENABLE_OBJC_ARC = YES;
				CLANG_ENABLE_OBJC_WEAK = YES;
				CLANG_WARN_BLOCK_CAPTURE_AUTORELEASING = YES;
				CLANG_WARN_BOOL_CONVERSION = YES;
				CLANG_WARN_COMMA = YES;
				CLANG_WARN_CONSTANT_CONVERSION = YES;
				CLANG_WARN_DEPRECATED_OBJC_IMPLEMENTATIONS = YES;
				CLANG_WARN_DIRECT_OBJC_ISA_USAGE = YES_ERROR;
				CLANG_WARN_DOCUMENTATION_COMMENTS = YES;
				CLANG_WARN_EMPTY_BODY = YES;
				CLANG_WARN_ENUM_CONVERSION = YES;
				CLANG_WARN_INFINITE_RECURSION = YES;
				CLANG_WARN_INT_CONVERSION = YES;
				CLANG_WARN_NON_LITERAL_NULL_CONVERSION = YES;
				CLANG_WARN_OBJC_IMPLICIT_RETAIN_SELF = YES;
				CLANG_WARN_OBJC_LITERAL_CONVERSION = YES;
				CLANG_WARN_OBJC_ROOT_CLASS = YES_ERROR;
				CLANG_WARN_QUOTED_INCLUDE_IN_FRAMEWORK_HEADER = YES;
				CLANG_WARN_RANGE_LOOP_ANALYSIS = YES;
				CLANG_WARN_STRICT_PROTOTYPES = YES;
				CLANG_WARN_SUSPICIOUS_MOVE = YES;
				CLANG_WARN_UNGUARDED_AVAILABILITY = YES_AGGRESSIVE;
				CLANG_WARN_UNREACHABLE_CODE = YES;
				CLANG_WARN__DUPLICATE_METHOD_MATCH = YES;
				COPY_PHASE_STRIP = NO;
				DEBUG_INFORMATION_FORMAT = "dwarf-with-dsym";
				ENABLE_NS_ASSERTIONS = NO;
				ENABLE_STRICT_OBJC_MSGSEND = YES;
				GCC_C_LANGUAGE_STANDARD = gnu11;
				GCC_NO_COMMON_BLOCKS = YES;
				GCC_WARN_64_TO_32_BIT_CONVERSION = YES;
				GCC_WARN_ABOUT_RETURN_TYPE = YES_ERROR;
				GCC_WARN_UNDECLARED_SELECTOR = YES;
				GCC_WARN_UNINITIALIZED_AUTOS = YES_AGGRESSIVE;
				GCC_WARN_UNUSED_FUNCTION = YES;
				GCC_WARN_UNUSED_VARIABLE = YES;
				IPHONEOS_DEPLOYMENT_TARGET = 16.4;
				MTL_ENABLE_DEBUG_INFO = NO;
				MTL_FAST_MATH = YES;
				SDKROOT = iphoneos;
				SWIFT_COMPILATION_MODE = wholemodule;
				SWIFT_OPTIMIZATION_LEVEL = "-O";
				VALIDATE_PRODUCT = YES;
			};
			name = Release;
		};
		6738AA312ACC506A00CB96AC /* Debug */ = {
			isa = XCBuildConfiguration;
			buildSettings = {
				ASSETCATALOG_COMPILER_APPICON_NAME = AppIcon;
				ASSETCATALOG_COMPILER_GLOBAL_ACCENT_COLOR_NAME = AccentColor;
				CODE_SIGN_STYLE = Automatic;
				CURRENT_PROJECT_VERSION = 1;
				DEVELOPMENT_ASSET_PATHS = "\"Motif/Preview Content\"";
				DEVELOPMENT_TEAM = BGN455KA8B;
				ENABLE_PREVIEWS = YES;
				GENERATE_INFOPLIST_FILE = YES;
				INFOPLIST_KEY_UIApplicationSceneManifest_Generation = YES;
				INFOPLIST_KEY_UIApplicationSupportsIndirectInputEvents = YES;
				INFOPLIST_KEY_UILaunchScreen_Generation = YES;
				INFOPLIST_KEY_UISupportedInterfaceOrientations_iPad = "UIInterfaceOrientationPortrait UIInterfaceOrientationPortraitUpsideDown UIInterfaceOrientationLandscapeLeft UIInterfaceOrientationLandscapeRight";
				INFOPLIST_KEY_UISupportedInterfaceOrientations_iPhone = "UIInterfaceOrientationPortrait UIInterfaceOrientationLandscapeLeft UIInterfaceOrientationLandscapeRight";
				LD_RUNPATH_SEARCH_PATHS = (
					"$(inherited)",
					"@executable_path/Frameworks",
				);
				MARKETING_VERSION = 1.0;
				PRODUCT_BUNDLE_IDENTIFIER = br.com.isabelacaserta.Motif;
				PRODUCT_NAME = "$(TARGET_NAME)";
				SUPPORTED_PLATFORMS = "iphoneos iphonesimulator";
				SUPPORTS_MACCATALYST = NO;
				SUPPORTS_MAC_DESIGNED_FOR_IPHONE_IPAD = NO;
				SWIFT_EMIT_LOC_STRINGS = YES;
				SWIFT_VERSION = 5.0;
				TARGETED_DEVICE_FAMILY = 1;
			};
			name = Debug;
		};
		6738AA322ACC506A00CB96AC /* Release */ = {
			isa = XCBuildConfiguration;
			buildSettings = {
				ASSETCATALOG_COMPILER_APPICON_NAME = AppIcon;
				ASSETCATALOG_COMPILER_GLOBAL_ACCENT_COLOR_NAME = AccentColor;
				CODE_SIGN_STYLE = Automatic;
				CURRENT_PROJECT_VERSION = 1;
				DEVELOPMENT_ASSET_PATHS = "\"Motif/Preview Content\"";
				DEVELOPMENT_TEAM = BGN455KA8B;
				ENABLE_PREVIEWS = YES;
				GENERATE_INFOPLIST_FILE = YES;
				INFOPLIST_KEY_UIApplicationSceneManifest_Generation = YES;
				INFOPLIST_KEY_UIApplicationSupportsIndirectInputEvents = YES;
				INFOPLIST_KEY_UILaunchScreen_Generation = YES;
				INFOPLIST_KEY_UISupportedInterfaceOrientations_iPad = "UIInterfaceOrientationPortrait UIInterfaceOrientationPortraitUpsideDown UIInterfaceOrientationLandscapeLeft UIInterfaceOrientationLandscapeRight";
				INFOPLIST_KEY_UISupportedInterfaceOrientations_iPhone = "UIInterfaceOrientationPortrait UIInterfaceOrientationLandscapeLeft UIInterfaceOrientationLandscapeRight";
				LD_RUNPATH_SEARCH_PATHS = (
					"$(inherited)",
					"@executable_path/Frameworks",
				);
				MARKETING_VERSION = 1.0;
				PRODUCT_BUNDLE_IDENTIFIER = br.com.isabelacaserta.Motif;
				PRODUCT_NAME = "$(TARGET_NAME)";
				SUPPORTED_PLATFORMS = "iphoneos iphonesimulator";
				SUPPORTS_MACCATALYST = NO;
				SUPPORTS_MAC_DESIGNED_FOR_IPHONE_IPAD = NO;
				SWIFT_EMIT_LOC_STRINGS = YES;
				SWIFT_VERSION = 5.0;
				TARGETED_DEVICE_FAMILY = 1;
			};
			name = Release;
		};
/* End XCBuildConfiguration section */

/* Begin XCConfigurationList section */
		6738AA1D2ACC506800CB96AC /* Build configuration list for PBXProject "Motif" */ = {
			isa = XCConfigurationList;
			buildConfigurations = (
				6738AA2E2ACC506A00CB96AC /* Debug */,
				6738AA2F2ACC506A00CB96AC /* Release */,
			);
			defaultConfigurationIsVisible = 0;
			defaultConfigurationName = Release;
		};
		6738AA302ACC506A00CB96AC /* Build configuration list for PBXNativeTarget "Motif" */ = {
			isa = XCConfigurationList;
			buildConfigurations = (
				6738AA312ACC506A00CB96AC /* Debug */,
				6738AA322ACC506A00CB96AC /* Release */,
			);
			defaultConfigurationIsVisible = 0;
			defaultConfigurationName = Release;
		};
/* End XCConfigurationList section */
	};
	rootObject = 6738AA1A2ACC506800CB96AC /* Project object */;
}
